{
  "requires": true,
  "lockfileVersion": 1,
  "dependencies": {
    "rangeslider.js": {
      "version": "2.3.3",
      "resolved": "https://registry.npmjs.org/rangeslider.js/-/rangeslider.js-2.3.3.tgz",
      "integrity": "sha512-FNpe62R6DfGRPAB5rpDKkZtaMDZ0CFqoLprXtNbYiincgld0bHm/Gs/7iuiSD/naM5C3sz+icY3jghKDcGR17g=="
    }
  }
}
